# This file is automatically @generated by Cargo.
# It is not intended for manual editing.
version = 3

[[package]]
name = "movement-rollup"
version = "0.3.0"

[[patch.unused]]
name = "ed25519-dalek"
version = "2.0.0"
source = "git+https://github.com/risc0/curve25519-dalek?tag=curve25519-4.1.0-risczero.1#42c4faf7dc3f640a7e3f7e4cbf43e7d5d6d46b67"

[[patch.unused]]
name = "merlin"
version = "3.0.0"
source = "git+https://github.com/aptos-labs/merlin#3454ccc85e37355c729ba40e6dac6e867ddf59f5"

[[patch.unused]]
name = "sha2"
version = "0.10.8"
source = "git+https://github.com/risc0/RustCrypto-hashes?tag=sha2-v0.10.8-risczero.0#244dc3b08788f7a4ccce14c66896ae3b4f24c166"

[[patch.unused]]
name = "x25519-dalek"
version = "1.2.0"
source = "git+https://github.com/aptos-labs/x25519-dalek?branch=zeroize_v1#762a9501668d213daa4a1864fa1f9db22716b661"

[[patch.unused]]
name = "zstd-sys"
version = "2.0.9+zstd.1.5.5"
source = "git+https://github.com/gyscos/zstd-rs.git?rev=1779b385b42b08f958b767a37878dfa6a0b4f6a4#1779b385b42b08f958b767a37878dfa6a0b4f6a4"
