{
  "name": "movement",
  "lockfileVersion": 3,
  "requires": true,
  "packages": {
    "": {
      "dependencies": {
        "pnpm": "^9.4.0"
      }
    },
    "node_modules/pnpm": {
      "version": "9.4.0",
      "resolved": "https://registry.npmjs.org/pnpm/-/pnpm-9.4.0.tgz",
      "integrity": "sha512-9Um4pSydK4U2di+ZwHIiBe/Fr5E+d4NdvMw7CwssqefcgCK3gGLBcpHEjoh0nHDOiOtadPH6jEv14Yu0bIvYOg==",
      "bin": {
        "pnpm": "bin/pnpm.cjs",
        "pnpx": "bin/pnpx.cjs"
      },
      "engines": {
        "node": ">=18.12"
      },
      "funding": {
        "url": "https://opencollective.com/pnpm"
      }
    }
  }
}
