{
  "lib/v2-periphery": {
    "rev": "0335e8f7e1bd1e8d8329fd300aea2ef2f36dd19f"
  },
  "lib/safe-smart-account": {
    "rev": "bf943f80fec5ac647159d26161446ac5d716a294"
  },
  "lib/openzeppelin-contracts": {
    "rev": "dbb6104ce834628e473d2173bbc9d47f81a9eec3"
  },
  "lib/openzeppelin-contracts-upgradeable": {
    "rev": "723f8cab09cdae1aca9ec9cc1cfa040c2d4b06c1"
  },
  "lib/forge-std": {
    "rev": "1714bee72e286e73f76e320d110e0eaf5c4e649d"
  },
  "lib/openzeppelin-foundry-upgrades": {
    "rev": "4cd15fc50b141c77d8cc9ff8efb44d00e841a299"
  },
  "lib/solmate": {
    "rev": "97bdb2003b70382996a79a406813f76417b1cf90"
  },
  "lib/murky": {
    "rev": "5feccd1253d7da820f7cccccdedf64471025455d"
  }
}